
Microsoft Visual Studio Solution File, Format Version 12.00
# Visual Studio Version 16
VisualStudioVersion = 16.0.29409.12
MinimumVisualStudioVersion = 10.0.40219.1
Project("{8BC9CEB8-8B4A-11D0-8D11-00A0C91BC942}") = "StockDataGenerator", "StockDataGenerator.vcxproj", "{4C3371CB-FF0E-4057-B8CB-97B21DA0C036}"
EndProject
Global
	GlobalSection(SolutionConfigurationPlatforms) = preSolution
		Debug|x64 = Debug|x64
		Debug|x86 = Debug|x86
		Release|x64 = Release|x64
		Release|x86 = Release|x86
	EndGlobalSection
	GlobalSection(ProjectConfigurationPlatforms) = postSolution
		{4C3371CB-FF0E-4057-B8CB-97B21DA0C036}.Debug|x64.ActiveCfg = Debug|x64
		{4C3371CB-FF0E-4057-B8CB-97B21DA0C036}.Debug|x64.Build.0 = Debug|x64
		{4C3371CB-FF0E-4057-B8CB-97B21DA0C036}.Debug|x86.ActiveCfg = Debug|Win32
		{4C3371CB-FF0E-4057-B8CB-97B21DA0C036}.Debug|x86.Build.0 = Debug|Win32
		{4C3371CB-FF0E-4057-B8CB-97B21DA0C036}.Release|x64.ActiveCfg = Release|x64
		{4C3371CB-FF0E-4057-B8CB-97B21DA0C036}.Release|x64.Build.0 = Release|x64
		{4C3371CB-FF0E-4057-B8CB-97B21DA0C036}.Release|x86.ActiveCfg = Release|Win32
		{4C3371CB-FF0E-4057-B8CB-97B21DA0C036}.Release|x86.Build.0 = Release|Win32
	EndGlobalSection
	GlobalSection(SolutionProperties) = preSolution
		HideSolutionNode = FALSE
	EndGlobalSection
	GlobalSection(ExtensibilityGlobals) = postSolution
		SolutionGuid = {808A9ECE-6F56-4246-AED5-8800E8DC8324}
	EndGlobalSection
EndGlobal
